
Microsoft Visual Studio Solution File, Format Version 12.00
# Visual Studio Version 17
VisualStudioVersion = 17.14.36203.30 d17.14
MinimumVisualStudioVersion = 10.0.40219.1
Project("{FAE04EC0-301F-11D3-BF4B-00C04F79EFBC}") = "API", "API\API.csproj", "{D59FAB0D-A28D-4DF8-B2A0-CC50232B2F06}"
EndProject
Project("{FAE04EC0-301F-11D3-BF4B-00C04F79EFBC}") = "Infrastructure", "Infrastructure\Infrastructure.csproj", "{33276156-018F-43CB-AA81-9452BC1E72B4}"
EndProject
Project("{FAE04EC0-301F-11D3-BF4B-00C04F79EFBC}") = "Application", "Application\Application.csproj", "{2629689D-E9D1-40CF-9777-1C31FFFA8B61}"
EndProject
Project("{FAE04EC0-301F-11D3-BF4B-00C04F79EFBC}") = "Domain", "Domain\Domain.csproj", "{C7182FD9-01EF-4422-AC08-94602139267F}"
EndProject
Global
	GlobalSection(SolutionConfigurationPlatforms) = preSolution
		Debug|Any CPU = Debug|Any CPU
		Release|Any CPU = Release|Any CPU
	EndGlobalSection
	GlobalSection(ProjectConfigurationPlatforms) = postSolution
		{D59FAB0D-A28D-4DF8-B2A0-CC50232B2F06}.Debug|Any CPU.ActiveCfg = Debug|Any CPU
		{D59FAB0D-A28D-4DF8-B2A0-CC50232B2F06}.Debug|Any CPU.Build.0 = Debug|Any CPU
		{D59FAB0D-A28D-4DF8-B2A0-CC50232B2F06}.Release|Any CPU.ActiveCfg = Release|Any CPU
		{D59FAB0D-A28D-4DF8-B2A0-CC50232B2F06}.Release|Any CPU.Build.0 = Release|Any CPU
		{33276156-018F-43CB-AA81-9452BC1E72B4}.Debug|Any CPU.ActiveCfg = Debug|Any CPU
		{33276156-018F-43CB-AA81-9452BC1E72B4}.Debug|Any CPU.Build.0 = Debug|Any CPU
		{33276156-018F-43CB-AA81-9452BC1E72B4}.Release|Any CPU.ActiveCfg = Release|Any CPU
		{33276156-018F-43CB-AA81-9452BC1E72B4}.Release|Any CPU.Build.0 = Release|Any CPU
		{2629689D-E9D1-40CF-9777-1C31FFFA8B61}.Debug|Any CPU.ActiveCfg = Debug|Any CPU
		{2629689D-E9D1-40CF-9777-1C31FFFA8B61}.Debug|Any CPU.Build.0 = Debug|Any CPU
		{2629689D-E9D1-40CF-9777-1C31FFFA8B61}.Release|Any CPU.ActiveCfg = Release|Any CPU
		{2629689D-E9D1-40CF-9777-1C31FFFA8B61}.Release|Any CPU.Build.0 = Release|Any CPU
		{C7182FD9-01EF-4422-AC08-94602139267F}.Debug|Any CPU.ActiveCfg = Debug|Any CPU
		{C7182FD9-01EF-4422-AC08-94602139267F}.Debug|Any CPU.Build.0 = Debug|Any CPU
		{C7182FD9-01EF-4422-AC08-94602139267F}.Release|Any CPU.ActiveCfg = Release|Any CPU
		{C7182FD9-01EF-4422-AC08-94602139267F}.Release|Any CPU.Build.0 = Release|Any CPU
	EndGlobalSection
	GlobalSection(SolutionProperties) = preSolution
		HideSolutionNode = FALSE
	EndGlobalSection
	GlobalSection(ExtensibilityGlobals) = postSolution
		SolutionGuid = {5A944AFD-AF27-4D06-B497-AA2488F3E0DF}
	EndGlobalSection
EndGlobal
